// !$*UTF8*$!
{
	archiveVersion = 1;
	classes = {
	};
	objectVersion = 50;
	objects = {

/* Begin PBXBuildFile section */
		2A0954E723FD63DC00A167C1 /* AppDelegate.swift in Sources */ = {isa = PBXBuildFile; fileRef = 2A0954E623FD63DC00A167C1 /* AppDelegate.swift */; };
		2A0954E923FD63DC00A167C1 /* SceneDelegate.swift in Sources */ = {isa = PBXBuildFile; fileRef = 2A0954E823FD63DC00A167C1 /* SceneDelegate.swift */; };
		2A0954EB23FD63DC00A167C1 /* ViewController.swift in Sources */ = {isa = PBXBuildFile; fileRef = 2A0954EA23FD63DC00A167C1 /* ViewController.swift */; };
		2A0954EE23FD63DC00A167C1 /* Main.storyboard in Resources */ = {isa = PBXBuildFile; fileRef = 2A0954EC23FD63DC00A167C1 /* Main.storyboard */; };
		2A0954F023FD63E100A167C1 /* Assets.xcassets in Resources */ = {isa = PBXBuildFile; fileRef = 2A0954EF23FD63E100A167C1 /* Assets.xcassets */; };
		2A0954F323FD63E100A167C1 /* LaunchScreen.storyboard in Resources */ = {isa = PBXBuildFile; fileRef = 2A0954F123FD63E100A167C1 /* LaunchScreen.storyboard */; };
		2A0954FE23FD63E100A167C1 /* TaskrTests.swift in Sources */ = {isa = PBXBuildFile; fileRef = 2A0954FD23FD63E100A167C1 /* TaskrTests.swift */; };
		2A09550923FD63E100A167C1 /* TaskrUITests.swift in Sources */ = {isa = PBXBuildFile; fileRef = 2A09550823FD63E100A167C1 /* TaskrUITests.swift */; };
		B87D1BF1F4CA91D88854E905 /* Pods_Taskr.framework in Frameworks */ = {isa = PBXBuildFile; fileRef = 51EFEB4014F4EB6B8176FDE8 /* Pods_Taskr.framework */; };
/* End PBXBuildFile section */

/* Begin PBXContainerItemProxy section */
		2A0954FA23FD63E100A167C1 /* PBXContainerItemProxy */ = {
			isa = PBXContainerItemProxy;
			containerPortal = 2A0954DB23FD63DB00A167C1 /* Project object */;
			proxyType = 1;
			remoteGlobalIDString = 2A0954E223FD63DC00A167C1;
			remoteInfo = Taskr;
		};
		2A09550523FD63E100A167C1 /* PBXContainerItemProxy */ = {
			isa = PBXContainerItemProxy;
			containerPortal = 2A0954DB23FD63DB00A167C1 /* Project object */;
			proxyType = 1;
			remoteGlobalIDString = 2A0954E223FD63DC00A167C1;
			remoteInfo = Taskr;
		};
/* End PBXContainerItemProxy section */

/* Begin PBXFileReference section */
		2A0954E323FD63DC00A167C1 /* Taskr.app */ = {isa = PBXFileReference; explicitFileType = wrapper.application; includeInIndex = 0; path = Taskr.app; sourceTree = BUILT_PRODUCTS_DIR; };
		2A0954E623FD63DC00A167C1 /* AppDelegate.swift */ = {isa = PBXFileReference; lastKnownFileType = sourcecode.swift; path = AppDelegate.swift; sourceTree = "<group>"; };
		2A0954E823FD63DC00A167C1 /* SceneDelegate.swift */ = {isa = PBXFileReference; lastKnownFileType = sourcecode.swift; path = SceneDelegate.swift; sourceTree = "<group>"; };
		2A0954EA23FD63DC00A167C1 /* ViewController.swift */ = {isa = PBXFileReference; lastKnownFileType = sourcecode.swift; path = ViewController.swift; sourceTree = "<group>"; };
		2A0954ED23FD63DC00A167C1 /* Base */ = {isa = PBXFileReference; lastKnownFileType = file.storyboard; name = Base; path = Base.lproj/Main.storyboard; sourceTree = "<group>"; };
		2A0954EF23FD63E100A167C1 /* Assets.xcassets */ = {isa = PBXFileReference; lastKnownFileType = folder.assetcatalog; path = Assets.xcassets; sourceTree = "<group>"; };
		2A0954F223FD63E100A167C1 /* Base */ = {isa = PBXFileReference; lastKnownFileType = file.storyboard; name = Base; path = Base.lproj/LaunchScreen.storyboard; sourceTree = "<group>"; };
		2A0954F423FD63E100A167C1 /* Info.plist */ = {isa = PBXFileReference; lastKnownFileType = text.plist.xml; path = Info.plist; sourceTree = "<group>"; };
		2A0954F923FD63E100A167C1 /* TaskrTests.xctest */ = {isa = PBXFileReference; explicitFileType = wrapper.cfbundle; includeInIndex = 0; path = TaskrTests.xctest; sourceTree = BUILT_PRODUCTS_DIR; };
		2A0954FD23FD63E100A167C1 /* TaskrTests.swift */ = {isa = PBXFileReference; lastKnownFileType = sourcecode.swift; path = TaskrTests.swift; sourceTree = "<group>"; };
		2A0954FF23FD63E100A167C1 /* Info.plist */ = {isa = PBXFileReference; lastKnownFileType = text.plist.xml; path = Info.plist; sourceTree = "<group>"; };
		2A09550423FD63E100A167C1 /* TaskrUITests.xctest */ = {isa = PBXFileReference; explicitFileType = wrapper.cfbundle; includeInIndex = 0; path = TaskrUITests.xctest; sourceTree = BUILT_PRODUCTS_DIR; };
		2A09550823FD63E100A167C1 /* TaskrUITests.swift */ = {isa = PBXFileReference; lastKnownFileType = sourcecode.swift; path = TaskrUITests.swift; sourceTree = "<group>"; };
		2A09550A23FD63E100A167C1 /* Info.plist */ = {isa = PBXFileReference; lastKnownFileType = text.plist.xml; path = Info.plist; sourceTree = "<group>"; };
		3F2A458D748D6FBE146812DC /* Pods-Taskr.release.xcconfig */ = {isa = PBXFileReference; includeInIndex = 1; lastKnownFileType = text.xcconfig; name = "Pods-Taskr.release.xcconfig"; path = "Target Support Files/Pods-Taskr/Pods-Taskr.release.xcconfig"; sourceTree = "<group>"; };
		51EFEB4014F4EB6B8176FDE8 /* Pods_Taskr.framework */ = {isa = PBXFileReference; explicitFileType = wrapper.framework; includeInIndex = 0; path = Pods_Taskr.framework; sourceTree = BUILT_PRODUCTS_DIR; };
		8B597A8A207ABE12266181DE /* Pods-Taskr.debug.xcconfig */ = {isa = PBXFileReference; includeInIndex = 1; lastKnownFileType = text.xcconfig; name = "Pods-Taskr.debug.xcconfig"; path = "Target Support Files/Pods-Taskr/Pods-Taskr.debug.xcconfig"; sourceTree = "<group>"; };
/* End PBXFileReference section */

/* Begin PBXFrameworksBuildPhase section */
		2A0954E023FD63DC00A167C1 /* Frameworks */ = {
			isa = PBXFrameworksBuildPhase;
			buildActionMask = 2147483647;
			files = (
				B87D1BF1F4CA91D88854E905 /* Pods_Taskr.framework in Frameworks */,
			);
			runOnlyForDeploymentPostprocessing = 0;
		};
		2A0954F623FD63E100A167C1 /* Frameworks */ = {
			isa = PBXFrameworksBuildPhase;
			buildActionMask = 2147483647;
			files = (
			);
			runOnlyForDeploymentPostprocessing = 0;
		};
		2A09550123FD63E100A167C1 /* Frameworks */ = {
			isa = PBXFrameworksBuildPhase;
			buildActionMask = 2147483647;
			files = (
			);
			runOnlyForDeploymentPostprocessing = 0;
		};
/* End PBXFrameworksBuildPhase section */

/* Begin PBXGroup section */
		26AA07AA9DC2FFB8DADCC733 /* Pods */ = {
			isa = PBXGroup;
			children = (
				8B597A8A207ABE12266181DE /* Pods-Taskr.debug.xcconfig */,
				3F2A458D748D6FBE146812DC /* Pods-Taskr.release.xcconfig */,
			);
			name = Pods;
			path = Pods;
			sourceTree = "<group>";
		};
		2A0954DA23FD63DB00A167C1 = {
			isa = PBXGroup;
			children = (
				2A0954E523FD63DC00A167C1 /* Taskr */,
				2A0954FC23FD63E100A167C1 /* TaskrTests */,
				2A09550723FD63E100A167C1 /* TaskrUITests */,
				2A0954E423FD63DC00A167C1 /* Products */,
				26AA07AA9DC2FFB8DADCC733 /* Pods */,
				868C038735A03F3AB09D5E5A /* Frameworks */,
			);
			sourceTree = "<group>";
		};
		2A0954E423FD63DC00A167C1 /* Products */ = {
			isa = PBXGroup;
			children = (
				2A0954E323FD63DC00A167C1 /* Taskr.app */,
				2A0954F923FD63E100A167C1 /* TaskrTests.xctest */,
				2A09550423FD63E100A167C1 /* TaskrUITests.xctest */,
			);
			name = Products;
			sourceTree = "<group>";
		};
		2A0954E523FD63DC00A167C1 /* Taskr */ = {
			isa = PBXGroup;
			children = (
				2A0954E623FD63DC00A167C1 /* AppDelegate.swift */,
				2A0954E823FD63DC00A167C1 /* SceneDelegate.swift */,
				2A0954EA23FD63DC00A167C1 /* ViewController.swift */,
				2A0954EC23FD63DC00A167C1 /* Main.storyboard */,
				2A0954EF23FD63E100A167C1 /* Assets.xcassets */,
				2A0954F123FD63E100A167C1 /* LaunchScreen.storyboard */,
				2A0954F423FD63E100A167C1 /* Info.plist */,
			);
			path = Taskr;
			sourceTree = "<group>";
		};
		2A0954FC23FD63E100A167C1 /* TaskrTests */ = {
			isa = PBXGroup;
			children = (
				2A0954FD23FD63E100A167C1 /* TaskrTests.swift */,
				2A0954FF23FD63E100A167C1 /* Info.plist */,
			);
			path = TaskrTests;
			sourceTree = "<group>";
		};
		2A09550723FD63E100A167C1 /* TaskrUITests */ = {
			isa = PBXGroup;
			children = (
				2A09550823FD63E100A167C1 /* TaskrUITests.swift */,
				2A09550A23FD63E100A167C1 /* Info.plist */,
			);
			path = TaskrUITests;
			sourceTree = "<group>";
		};
		868C038735A03F3AB09D5E5A /* Frameworks */ = {
			isa = PBXGroup;
			children = (
				51EFEB4014F4EB6B8176FDE8 /* Pods_Taskr.framework */,
			);
			name = Frameworks;
			sourceTree = "<group>";
		};
/* End PBXGroup section */

/* Begin PBXNativeTarget section */
		2A0954E223FD63DC00A167C1 /* Taskr */ = {
			isa = PBXNativeTarget;
			buildConfigurationList = 2A09550D23FD63E100A167C1 /* Build configuration list for PBXNativeTarget "Taskr" */;
			buildPhases = (
				2765B56240A2AD9BC6ADD467 /* [CP] Check Pods Manifest.lock */,
				2A0954DF23FD63DC00A167C1 /* Sources */,
				2A0954E023FD63DC00A167C1 /* Frameworks */,
				2A0954E123FD63DC00A167C1 /* Resources */,
				772ED6CACB8A03E71903B750 /* [CP] Embed Pods Frameworks */,
			);
			buildRules = (
			);
			dependencies = (
			);
			name = Taskr;
			productName = Taskr;
			productReference = 2A0954E323FD63DC00A167C1 /* Taskr.app */;
			productType = "com.apple.product-type.application";
		};
		2A0954F823FD63E100A167C1 /* TaskrTests */ = {
			isa = PBXNativeTarget;
			buildConfigurationList = 2A09551023FD63E100A167C1 /* Build configuration list for PBXNativeTarget "TaskrTests" */;
			buildPhases = (
				2A0954F523FD63E100A167C1 /* Sources */,
				2A0954F623FD63E100A167C1 /* Frameworks */,
				2A0954F723FD63E100A167C1 /* Resources */,
			);
			buildRules = (
			);
			dependencies = (
				2A0954FB23FD63E100A167C1 /* PBXTargetDependency */,
			);
			name = TaskrTests;
			productName = TaskrTests;
			productReference = 2A0954F923FD63E100A167C1 /* TaskrTests.xctest */;
			productType = "com.apple.product-type.bundle.unit-test";
		};
		2A09550323FD63E100A167C1 /* TaskrUITests */ = {
			isa = PBXNativeTarget;
			buildConfigurationList = 2A09551323FD63E100A167C1 /* Build configuration list for PBXNativeTarget "TaskrUITests" */;
			buildPhases = (
				2A09550023FD63E100A167C1 /* Sources */,
				2A09550123FD63E100A167C1 /* Frameworks */,
				2A09550223FD63E100A167C1 /* Resources */,
			);
			buildRules = (
			);
			dependencies = (
				2A09550623FD63E100A167C1 /* PBXTargetDependency */,
			);
			name = TaskrUITests;
			productName = TaskrUITests;
			productReference = 2A09550423FD63E100A167C1 /* TaskrUITests.xctest */;
			productType = "com.apple.product-type.bundle.ui-testing";
		};
/* End PBXNativeTarget section */

/* Begin PBXProject section */
		2A0954DB23FD63DB00A167C1 /* Project object */ = {
			isa = PBXProject;
			attributes = {
				LastSwiftUpdateCheck = 1130;
				LastUpgradeCheck = 1130;
				ORGANIZATIONNAME = BigBrainCorporation;
				TargetAttributes = {
					2A0954E223FD63DC00A167C1 = {
						CreatedOnToolsVersion = 11.3.1;
					};
					2A0954F823FD63E100A167C1 = {
						CreatedOnToolsVersion = 11.3.1;
						TestTargetID = 2A0954E223FD63DC00A167C1;
					};
					2A09550323FD63E100A167C1 = {
						CreatedOnToolsVersion = 11.3.1;
						TestTargetID = 2A0954E223FD63DC00A167C1;
					};
				};
			};
			buildConfigurationList = 2A0954DE23FD63DB00A167C1 /* Build configuration list for PBXProject "Taskr" */;
			compatibilityVersion = "Xcode 9.3";
			developmentRegion = en;
			hasScannedForEncodings = 0;
			knownRegions = (
				en,
				Base,
			);
			mainGroup = 2A0954DA23FD63DB00A167C1;
			productRefGroup = 2A0954E423FD63DC00A167C1 /* Products */;
			projectDirPath = "";
			projectRoot = "";
			targets = (
				2A0954E223FD63DC00A167C1 /* Taskr */,
				2A0954F823FD63E100A167C1 /* TaskrTests */,
				2A09550323FD63E100A167C1 /* TaskrUITests */,
			);
		};
/* End PBXProject section */

/* Begin PBXResourcesBuildPhase section */
		2A0954E123FD63DC00A167C1 /* Resources */ = {
			isa = PBXResourcesBuildPhase;
			buildActionMask = 2147483647;
			files = (
				2A0954F323FD63E100A167C1 /* LaunchScreen.storyboard in Resources */,
				2A0954F023FD63E100A167C1 /* Assets.xcassets in Resources */,
				2A0954EE23FD63DC00A167C1 /* Main.storyboard in Resources */,
			);
			runOnlyForDeploymentPostprocessing = 0;
		};
		2A0954F723FD63E100A167C1 /* Resources */ = {
			isa = PBXResourcesBuildPhase;
			buildActionMask = 2147483647;
			files = (
			);
			runOnlyForDeploymentPostprocessing = 0;
		};
		2A09550223FD63E100A167C1 /* Resources */ = {
			isa = PBXResourcesBuildPhase;
			buildActionMask = 2147483647;
			files = (
			);
			runOnlyForDeploymentPostprocessing = 0;
		};
/* End PBXResourcesBuildPhase section */

/* Begin PBXShellScriptBuildPhase section */
		2765B56240A2AD9BC6ADD467 /* [CP] Check Pods Manifest.lock */ = {
			isa = PBXShellScriptBuildPhase;
			buildActionMask = 2147483647;
			files = (
			);
			inputFileListPaths = (
			);
			inputPaths = (
				"${PODS_PODFILE_DIR_PATH}/Podfile.lock",
				"${PODS_ROOT}/Manifest.lock",
			);
			name = "[CP] Check Pods Manifest.lock";
			outputFileListPaths = (
			);
			outputPaths = (
				"$(DERIVED_FILE_DIR)/Pods-Taskr-checkManifestLockResult.txt",
			);
			runOnlyForDeploymentPostprocessing = 0;
			shellPath = /bin/sh;
			shellScript = "diff \"${PODS_PODFILE_DIR_PATH}/Podfile.lock\" \"${PODS_ROOT}/Manifest.lock\" > /dev/null\nif [ $? != 0 ] ; then\n    # print error to STDERR\n    echo \"error: The sandbox is not in sync with the Podfile.lock. Run 'pod install' or update your CocoaPods installation.\" >&2\n    exit 1\nfi\n# This output is used by Xcode 'outputs' to avoid re-running this script phase.\necho \"SUCCESS\" > \"${SCRIPT_OUTPUT_FILE_0}\"\n";
			showEnvVarsInLog = 0;
		};
		772ED6CACB8A03E71903B750 /* [CP] Embed Pods Frameworks */ = {
			isa = PBXShellScriptBuildPhase;
			buildActionMask = 2147483647;
			files = (
			);
			inputFileListPaths = (
				"${PODS_ROOT}/Target Support Files/Pods-Taskr/Pods-Taskr-frameworks-${CONFIGURATION}-input-files.xcfilelist",
			);
			name = "[CP] Embed Pods Frameworks";
			outputFileListPaths = (
				"${PODS_ROOT}/Target Support Files/Pods-Taskr/Pods-Taskr-frameworks-${CONFIGURATION}-output-files.xcfilelist",
			);
			runOnlyForDeploymentPostprocessing = 0;
			shellPath = /bin/sh;
			shellScript = "\"${PODS_ROOT}/Target Support Files/Pods-Taskr/Pods-Taskr-frameworks.sh\"\n";
			showEnvVarsInLog = 0;
		};
/* End PBXShellScriptBuildPhase section */

/* Begin PBXSourcesBuildPhase section */
		2A0954DF23FD63DC00A167C1 /* Sources */ = {
			isa = PBXSourcesBuildPhase;
			buildActionMask = 2147483647;
			files = (
				2A0954EB23FD63DC00A167C1 /* ViewController.swift in Sources */,
				2A0954E723FD63DC00A167C1 /* AppDelegate.swift in Sources */,
				2A0954E923FD63DC00A167C1 /* SceneDelegate.swift in Sources */,
			);
			runOnlyForDeploymentPostprocessing = 0;
		};
		2A0954F523FD63E100A167C1 /* Sources */ = {
			isa = PBXSourcesBuildPhase;
			buildActionMask = 2147483647;
			files = (
				2A0954FE23FD63E100A167C1 /* TaskrTests.swift in Sources */,
			);
			runOnlyForDeploymentPostprocessing = 0;
		};
		2A09550023FD63E100A167C1 /* Sources */ = {
			isa = PBXSourcesBuildPhase;
			buildActionMask = 2147483647;
			files = (
				2A09550923FD63E100A167C1 /* TaskrUITests.swift in Sources */,
			);
			runOnlyForDeploymentPostprocessing = 0;
		};
/* End PBXSourcesBuildPhase section */

/* Begin PBXTargetDependency section */
		2A0954FB23FD63E100A167C1 /* PBXTargetDependency */ = {
			isa = PBXTargetDependency;
			target = 2A0954E223FD63DC00A167C1 /* Taskr */;
			targetProxy = 2A0954FA23FD63E100A167C1 /* PBXContainerItemProxy */;
		};
		2A09550623FD63E100A167C1 /* PBXTargetDependency */ = {
			isa = PBXTargetDependency;
			target = 2A0954E223FD63DC00A167C1 /* Taskr */;
			targetProxy = 2A09550523FD63E100A167C1 /* PBXContainerItemProxy */;
		};
/* End PBXTargetDependency section */

/* Begin PBXVariantGroup section */
		2A0954EC23FD63DC00A167C1 /* Main.storyboard */ = {
			isa = PBXVariantGroup;
			children = (
				2A0954ED23FD63DC00A167C1 /* Base */,
			);
			name = Main.storyboard;
			sourceTree = "<group>";
		};
		2A0954F123FD63E100A167C1 /* LaunchScreen.storyboard */ = {
			isa = PBXVariantGroup;
			children = (
				2A0954F223FD63E100A167C1 /* Base */,
			);
			name = LaunchScreen.storyboard;
			sourceTree = "<group>";
		};
/* End PBXVariantGroup section */

/* Begin XCBuildConfiguration section */
		2A09550B23FD63E100A167C1 /* Debug */ = {
			isa = XCBuildConfiguration;
			buildSettings = {
				ALWAYS_SEARCH_USER_PATHS = NO;
				CLANG_ANALYZER_NONNULL = YES;
				CLANG_ANALYZER_NUMBER_OBJECT_CONVERSION = YES_AGGRESSIVE;
				CLANG_CXX_LANGUAGE_STANDARD = "gnu++14";
				CLANG_CXX_LIBRARY = "libc++";
				CLANG_ENABLE_MODULES = YES;
				CLANG_ENABLE_OBJC_ARC = YES;
				CLANG_ENABLE_OBJC_WEAK = YES;
				CLANG_WARN_BLOCK_CAPTURE_AUTORELEASING = YES;
				CLANG_WARN_BOOL_CONVERSION = YES;
				CLANG_WARN_COMMA = YES;
				CLANG_WARN_CONSTANT_CONVERSION = YES;
				CLANG_WARN_DEPRECATED_OBJC_IMPLEMENTATIONS = YES;
				CLANG_WARN_DIRECT_OBJC_ISA_USAGE = YES_ERROR;
				CLANG_WARN_DOCUMENTATION_COMMENTS = YES;
				CLANG_WARN_EMPTY_BODY = YES;
				CLANG_WARN_ENUM_CONVERSION = YES;
				CLANG_WARN_INFINITE_RECURSION = YES;
				CLANG_WARN_INT_CONVERSION = YES;
				CLANG_WARN_NON_LITERAL_NULL_CONVERSION = YES;
				CLANG_WARN_OBJC_IMPLICIT_RETAIN_SELF = YES;
				CLANG_WARN_OBJC_LITERAL_CONVERSION = YES;
				CLANG_WARN_OBJC_ROOT_CLASS = YES_ERROR;
				CLANG_WARN_RANGE_LOOP_ANALYSIS = YES;
				CLANG_WARN_STRICT_PROTOTYPES = YES;
				CLANG_WARN_SUSPICIOUS_MOVE = YES;
				CLANG_WARN_UNGUARDED_AVAILABILITY = YES_AGGRESSIVE;
				CLANG_WARN_UNREACHABLE_CODE = YES;
				CLANG_WARN__DUPLICATE_METHOD_MATCH = YES;
				COPY_PHASE_STRIP = NO;
				DEBUG_INFORMATION_FORMAT = dwarf;
				ENABLE_STRICT_OBJC_MSGSEND = YES;
				ENABLE_TESTABILITY = YES;
				GCC_C_LANGUAGE_STANDARD = gnu11;
				GCC_DYNAMIC_NO_PIC = NO;
				GCC_NO_COMMON_BLOCKS = YES;
				GCC_OPTIMIZATION_LEVEL = 0;
				GCC_PREPROCESSOR_DEFINITIONS = (
					"DEBUG=1",
					"$(inherited)",
				);
				GCC_WARN_64_TO_32_BIT_CONVERSION = YES;
				GCC_WARN_ABOUT_RETURN_TYPE = YES_ERROR;
				GCC_WARN_UNDECLARED_SELECTOR = YES;
				GCC_WARN_UNINITIALIZED_AUTOS = YES_AGGRESSIVE;
				GCC_WARN_UNUSED_FUNCTION = YES;
				GCC_WARN_UNUSED_VARIABLE = YES;
				IPHONEOS_DEPLOYMENT_TARGET = 13.2;
				MTL_ENABLE_DEBUG_INFO = INCLUDE_SOURCE;
				MTL_FAST_MATH = YES;
				ONLY_ACTIVE_ARCH = YES;
				SDKROOT = iphoneos;
				SWIFT_ACTIVE_COMPILATION_CONDITIONS = DEBUG;
				SWIFT_OPTIMIZATION_LEVEL = "-Onone";
			};
			name = Debug;
		};
		2A09550C23FD63E100A167C1 /* Release */ = {
			isa = XCBuildConfiguration;
			buildSettings = {
				ALWAYS_SEARCH_USER_PATHS = NO;
				CLANG_ANALYZER_NONNULL = YES;
				CLANG_ANALYZER_NUMBER_OBJECT_CONVERSION = YES_AGGRESSIVE;
				CLANG_CXX_LANGUAGE_STANDARD = "gnu++14";
				CLANG_CXX_LIBRARY = "libc++";
				CLANG_ENABLE_MODULES = YES;
				CLANG_ENABLE_OBJC_ARC = YES;
				CLANG_ENABLE_OBJC_WEAK = YES;
				CLANG_WARN_BLOCK_CAPTURE_AUTORELEASING = YES;
				CLANG_WARN_BOOL_CONVERSION = YES;
				CLANG_WARN_COMMA = YES;
				CLANG_WARN_CONSTANT_CONVERSION = YES;
				CLANG_WARN_DEPRECATED_OBJC_IMPLEMENTATIONS = YES;
				CLANG_WARN_DIRECT_OBJC_ISA_USAGE = YES_ERROR;
				CLANG_WARN_DOCUMENTATION_COMMENTS = YES;
				CLANG_WARN_EMPTY_BODY = YES;
				CLANG_WARN_ENUM_CONVERSION = YES;
				CLANG_WARN_INFINITE_RECURSION = YES;
				CLANG_WARN_INT_CONVERSION = YES;
				CLANG_WARN_NON_LITERAL_NULL_CONVERSION = YES;
				CLANG_WARN_OBJC_IMPLICIT_RETAIN_SELF = YES;
				CLANG_WARN_OBJC_LITERAL_CONVERSION = YES;
				CLANG_WARN_OBJC_ROOT_CLASS = YES_ERROR;
				CLANG_WARN_RANGE_LOOP_ANALYSIS = YES;
				CLANG_WARN_STRICT_PROTOTYPES = YES;
				CLANG_WARN_SUSPICIOUS_MOVE = YES;
				CLANG_WARN_UNGUARDED_AVAILABILITY = YES_AGGRESSIVE;
				CLANG_WARN_UNREACHABLE_CODE = YES;
				CLANG_WARN__DUPLICATE_METHOD_MATCH = YES;
				COPY_PHASE_STRIP = NO;
				DEBUG_INFORMATION_FORMAT = "dwarf-with-dsym";
				ENABLE_NS_ASSERTIONS = NO;
				ENABLE_STRICT_OBJC_MSGSEND = YES;
				GCC_C_LANGUAGE_STANDARD = gnu11;
				GCC_NO_COMMON_BLOCKS = YES;
				GCC_WARN_64_TO_32_BIT_CONVERSION = YES;
				GCC_WARN_ABOUT_RETURN_TYPE = YES_ERROR;
				GCC_WARN_UNDECLARED_SELECTOR = YES;
				GCC_WARN_UNINITIALIZED_AUTOS = YES_AGGRESSIVE;
				GCC_WARN_UNUSED_FUNCTION = YES;
				GCC_WARN_UNUSED_VARIABLE = YES;
				IPHONEOS_DEPLOYMENT_TARGET = 13.2;
				MTL_ENABLE_DEBUG_INFO = NO;
				MTL_FAST_MATH = YES;
				SDKROOT = iphoneos;
				SWIFT_COMPILATION_MODE = wholemodule;
				SWIFT_OPTIMIZATION_LEVEL = "-O";
				VALIDATE_PRODUCT = YES;
			};
			name = Release;
		};
		2A09550E23FD63E100A167C1 /* Debug */ = {
			isa = XCBuildConfiguration;
			baseConfigurationReference = 8B597A8A207ABE12266181DE /* Pods-Taskr.debug.xcconfig */;
			buildSettings = {
				ASSETCATALOG_COMPILER_APPICON_NAME = AppIcon;
				CODE_SIGN_STYLE = Automatic;
				INFOPLIST_FILE = Taskr/Info.plist;
				LD_RUNPATH_SEARCH_PATHS = (
					"$(inherited)",
					"@executable_path/Frameworks",
				);
				PRODUCT_BUNDLE_IDENTIFIER = com.BigBrainCorporation.Taskr;
				PRODUCT_NAME = "$(TARGET_NAME)";
				SWIFT_VERSION = 5.0;
				TARGETED_DEVICE_FAMILY = "1,2";
			};
			name = Debug;
		};
		2A09550F23FD63E100A167C1 /* Release */ = {
			isa = XCBuildConfiguration;
			baseConfigurationReference = 3F2A458D748D6FBE146812DC /* Pods-Taskr.release.xcconfig */;
			buildSettings = {
				ASSETCATALOG_COMPILER_APPICON_NAME = AppIcon;
				CODE_SIGN_STYLE = Automatic;
				INFOPLIST_FILE = Taskr/Info.plist;
				LD_RUNPATH_SEARCH_PATHS = (
					"$(inherited)",
					"@executable_path/Frameworks",
				);
				PRODUCT_BUNDLE_IDENTIFIER = com.BigBrainCorporation.Taskr;
				PRODUCT_NAME = "$(TARGET_NAME)";
				SWIFT_VERSION = 5.0;
				TARGETED_DEVICE_FAMILY = "1,2";
			};
			name = Release;
		};
		2A09551123FD63E100A167C1 /* Debug */ = {
			isa = XCBuildConfiguration;
			buildSettings = {
				ALWAYS_EMBED_SWIFT_STANDARD_LIBRARIES = YES;
				BUNDLE_LOADER = "$(TEST_HOST)";
				CODE_SIGN_STYLE = Automatic;
				INFOPLIST_FILE = TaskrTests/Info.plist;
				IPHONEOS_DEPLOYMENT_TARGET = 13.2;
				LD_RUNPATH_SEARCH_PATHS = (
					"$(inherited)",
					"@executable_path/Frameworks",
					"@loader_path/Frameworks",
				);
				PRODUCT_BUNDLE_IDENTIFIER = com.BigBrainCorporation.TaskrTests;
				PRODUCT_NAME = "$(TARGET_NAME)";
				SWIFT_VERSION = 5.0;
				TARGETED_DEVICE_FAMILY = "1,2";
				TEST_HOST = "$(BUILT_PRODUCTS_DIR)/Taskr.app/Taskr";
			};
			name = Debug;
		};
		2A09551223FD63E100A167C1 /* Release */ = {
			isa = XCBuildConfiguration;
			buildSettings = {
				ALWAYS_EMBED_SWIFT_STANDARD_LIBRARIES = YES;
				BUNDLE_LOADER = "$(TEST_HOST)";
				CODE_SIGN_STYLE = Automatic;
				INFOPLIST_FILE = TaskrTests/Info.plist;
				IPHONEOS_DEPLOYMENT_TARGET = 13.2;
				LD_RUNPATH_SEARCH_PATHS = (
					"$(inherited)",
					"@executable_path/Frameworks",
					"@loader_path/Frameworks",
				);
				PRODUCT_BUNDLE_IDENTIFIER = com.BigBrainCorporation.TaskrTests;
				PRODUCT_NAME = "$(TARGET_NAME)";
				SWIFT_VERSION = 5.0;
				TARGETED_DEVICE_FAMILY = "1,2";
				TEST_HOST = "$(BUILT_PRODUCTS_DIR)/Taskr.app/Taskr";
			};
			name = Release;
		};
		2A09551423FD63E100A167C1 /* Debug */ = {
			isa = XCBuildConfiguration;
			buildSettings = {
				ALWAYS_EMBED_SWIFT_STANDARD_LIBRARIES = YES;
				CODE_SIGN_STYLE = Automatic;
				INFOPLIST_FILE = TaskrUITests/Info.plist;
				LD_RUNPATH_SEARCH_PATHS = (
					"$(inherited)",
					"@executable_path/Frameworks",
					"@loader_path/Frameworks",
				);
				PRODUCT_BUNDLE_IDENTIFIER = com.BigBrainCorporation.TaskrUITests;
				PRODUCT_NAME = "$(TARGET_NAME)";
				SWIFT_VERSION = 5.0;
				TARGETED_DEVICE_FAMILY = "1,2";
				TEST_TARGET_NAME = Taskr;
			};
			name = Debug;
		};
		2A09551523FD63E100A167C1 /* Release */ = {
			isa = XCBuildConfiguration;
			buildSettings = {
				ALWAYS_EMBED_SWIFT_STANDARD_LIBRARIES = YES;
				CODE_SIGN_STYLE = Automatic;
				INFOPLIST_FILE = TaskrUITests/Info.plist;
				LD_RUNPATH_SEARCH_PATHS = (
					"$(inherited)",
					"@executable_path/Frameworks",
					"@loader_path/Frameworks",
				);
				PRODUCT_BUNDLE_IDENTIFIER = com.BigBrainCorporation.TaskrUITests;
				PRODUCT_NAME = "$(TARGET_NAME)";
				SWIFT_VERSION = 5.0;
				TARGETED_DEVICE_FAMILY = "1,2";
				TEST_TARGET_NAME = Taskr;
			};
			name = Release;
		};
/* End XCBuildConfiguration section */

/* Begin XCConfigurationList section */
		2A0954DE23FD63DB00A167C1 /* Build configuration list for PBXProject "Taskr" */ = {
			isa = XCConfigurationList;
			buildConfigurations = (
				2A09550B23FD63E100A167C1 /* Debug */,
				2A09550C23FD63E100A167C1 /* Release */,
			);
			defaultConfigurationIsVisible = 0;
			defaultConfigurationName = Release;
		};
		2A09550D23FD63E100A167C1 /* Build configuration list for PBXNativeTarget "Taskr" */ = {
			isa = XCConfigurationList;
			buildConfigurations = (
				2A09550E23FD63E100A167C1 /* Debug */,
				2A09550F23FD63E100A167C1 /* Release */,
			);
			defaultConfigurationIsVisible = 0;
			defaultConfigurationName = Release;
		};
		2A09551023FD63E100A167C1 /* Build configuration list for PBXNativeTarget "TaskrTests" */ = {
			isa = XCConfigurationList;
			buildConfigurations = (
				2A09551123FD63E100A167C1 /* Debug */,
				2A09551223FD63E100A167C1 /* Release */,
			);
			defaultConfigurationIsVisible = 0;
			defaultConfigurationName = Release;
		};
		2A09551323FD63E100A167C1 /* Build configuration list for PBXNativeTarget "TaskrUITests" */ = {
			isa = XCConfigurationList;
			buildConfigurations = (
				2A09551423FD63E100A167C1 /* Debug */,
				2A09551523FD63E100A167C1 /* Release */,
			);
			defaultConfigurationIsVisible = 0;
			defaultConfigurationName = Release;
		};
/* End XCConfigurationList section */
	};
	rootObject = 2A0954DB23FD63DB00A167C1 /* Project object */;
}
